<?xml version="1.0" encoding="utf-8"?>
<Project ToolsVersion="4.0" xmlns="http://schemas.microsoft.com/developer/msbuild/2003">
  <ItemGroup>
    <Filter Include="Source Files">
      <UniqueIdentifier>{4FC737F1-C7A5-4376-A066-2A32D752A2FF}</UniqueIdentifier>
      <Extensions>cpp;c;cc;cxx;c++;cppm;ixx;def;odl;idl;hpj;bat;asm;asmx</Extensions>
    </Filter>
    <Filter Include="Header Files">
      <UniqueIdentifier>{93995380-89BD-4b04-88EB-625FBE52EBFB}</UniqueIdentifier>
      <Extensions>h;hh;hpp;hxx;h++;hm;inl;inc;ipp;xsd</Extensions>
    </Filter>
    <Filter Include="Resource Files">
      <UniqueIdentifier>{67DA6AB6-F800-4c08-8B7A-83BB121AAD01}</UniqueIdentifier>
      <Extensions>rc;ico;cur;bmp;dlg;rc2;rct;bin;rgs;gif;jpg;jpeg;jpe;resx;tiff;tif;png;wav;mfcribbon-ms</Extensions>
    </Filter>
  </ItemGroup>
  <ItemGroup>
    <ClCompile Include="TristanGermainGame.cpp">
      <Filter>Source Files</Filter>
    </ClCompile>
    <ClCompile Include="src\character\private\character.cpp">
      <Filter>Source Files</Filter>
    </ClCompile>
    <ClCompile Include="src\game\private\gameRenderer.cpp">
      <Filter>Source Files</Filter>
    </ClCompile>
    <ClCompile Include="src\game\private\gameWorld.cpp">
      <Filter>Source Files</Filter>
    </ClCompile>
    <ClCompile Include="src\game\private\gameMenu.cpp">
      <Filter>Source Files</Filter>
    </ClCompile>
    <ClCompile Include="src\misc\private\consoleUtil.cpp">
      <Filter>Source Files</Filter>
    </ClCompile>
    <ClCompile Include="src\game\private\game.cpp">
      <Filter>Source Files</Filter>
    </ClCompile>
    <ClCompile Include="lib\json\dist\jsoncpp.cpp">
      <Filter>Source Files</Filter>
    </ClCompile>
    <ClCompile Include="src\ability\core\private\ability.cpp">
      <Filter>Source Files</Filter>
    </ClCompile>
    <ClCompile Include="src\ability\core\private\health.cpp">
      <Filter>Source Files</Filter>
    </ClCompile>
    <ClCompile Include="src\ability\core\private\abilityTargetCharacteristics.cpp">
      <Filter>Source Files</Filter>
    </ClCompile>
    <ClCompile Include="src\ability\private\chargeAbility.cpp">
      <Filter>Source Files</Filter>
    </ClCompile>
    <ClCompile Include="src\ability\private\stunAbility.cpp">
      <Filter>Source Files</Filter>
    </ClCompile>
    <ClCompile Include="src\game\private\gameMaster.cpp">
      <Filter>Source Files</Filter>
    </ClCompile>
    <ClCompile Include="src\misc\private\maths.cpp">
      <Filter>Source Files</Filter>
    </ClCompile>
  </ItemGroup>
  <ItemGroup>
    <ClInclude Include="src\character\public\character.h">
      <Filter>Header Files</Filter>
    </ClInclude>
    <ClInclude Include="src\game\public\gameRenderer.h">
      <Filter>Header Files</Filter>
    </ClInclude>
    <ClInclude Include="src\game\public\gameWorld.h">
      <Filter>Header Files</Filter>
    </ClInclude>
    <ClInclude Include="src\game\public\gameMenu.h">
      <Filter>Header Files</Filter>
    </ClInclude>
    <ClInclude Include="src\misc\public\constants.h">
      <Filter>Header Files</Filter>
    </ClInclude>
    <ClInclude Include="src\misc\public\consoleUtil.h">
      <Filter>Header Files</Filter>
    </ClInclude>
    <ClInclude Include="src\game\public\game.h">
      <Filter>Header Files</Filter>
    </ClInclude>
    <ClInclude Include="lib\json\dist\json\json.h">
      <Filter>Header Files</Filter>
    </ClInclude>
    <ClInclude Include="lib\json\dist\json\json-forwards.h">
      <Filter>Header Files</Filter>
    </ClInclude>
    <ClInclude Include="src\ability\core\public\ability.h">
      <Filter>Header Files</Filter>
    </ClInclude>
    <ClInclude Include="src\ability\core\public\health.h">
      <Filter>Header Files</Filter>
    </ClInclude>
    <ClInclude Include="src\ability\core\public\abilityTargetCharacteristics.h">
      <Filter>Header Files</Filter>
    </ClInclude>
    <ClInclude Include="src\ability\public\chargeAbility.h">
      <Filter>Header Files</Filter>
    </ClInclude>
    <ClInclude Include="src\ability\public\stunAbility.h">
      <Filter>Header Files</Filter>
    </ClInclude>
    <ClInclude Include="src\game\public\gameMaster.h">
      <Filter>Header Files</Filter>
    </ClInclude>
    <ClInclude Include="src\misc\public\delegate.h">
      <Filter>Header Files</Filter>
    </ClInclude>
    <ClInclude Include="src\misc\public\maths.h">
      <Filter>Header Files</Filter>
    </ClInclude>
  </ItemGroup>
</Project>